// !$*UTF8*$!
{
	archiveVersion = 1;
	classes = {
	};
	objectVersion = 50;
	objects = {

/* Begin PBXBuildFile section */
		42542ADE21970F3600F35962 /* AppDelegate.swift in Sources */ = {isa = PBXBuildFile; fileRef = 42542ADD21970F3600F35962 /* AppDelegate.swift */; };
		42542AE021970F3600F35962 /* ViewController.swift in Sources */ = {isa = PBXBuildFile; fileRef = 42542ADF21970F3600F35962 /* ViewController.swift */; };
		42542AE321970F3600F35962 /* Main.storyboard in Resources */ = {isa = PBXBuildFile; fileRef = 42542AE121970F3600F35962 /* Main.storyboard */; };
		42542AE521970F3800F35962 /* Assets.xcassets in Resources */ = {isa = PBXBuildFile; fileRef = 42542AE421970F3800F35962 /* Assets.xcassets */; };
		42542AE821970F3800F35962 /* LaunchScreen.storyboard in Resources */ = {isa = PBXBuildFile; fileRef = 42542AE621970F3800F35962 /* LaunchScreen.storyboard */; };
		42542AF421970FD200F35962 /* Staff.swift in Sources */ = {isa = PBXBuildFile; fileRef = 42542AF321970FD200F35962 /* Staff.swift */; };
		42542AF62197105A00F35962 /* StaffService.swift in Sources */ = {isa = PBXBuildFile; fileRef = 42542AF52197105A00F35962 /* StaffService.swift */; };
		42542AF8219712F500F35962 /* StaffView.swift in Sources */ = {isa = PBXBuildFile; fileRef = 42542AF7219712F400F35962 /* StaffView.swift */; };
		42542AFA2197162D00F35962 /* StaffPresenter.swift in Sources */ = {isa = PBXBuildFile; fileRef = 42542AF92197162D00F35962 /* StaffPresenter.swift */; };
		42542AFC21971EB600F35962 /* LoginViewController.swift in Sources */ = {isa = PBXBuildFile; fileRef = 42542AFB21971EB600F35962 /* LoginViewController.swift */; };
		42542AFE21971F6B00F35962 /* LoginView.swift in Sources */ = {isa = PBXBuildFile; fileRef = 42542AFD21971F6B00F35962 /* LoginView.swift */; };
		42542B012197202000F35962 /* BasePresenter.swift in Sources */ = {isa = PBXBuildFile; fileRef = 42542B002197202000F35962 /* BasePresenter.swift */; };
		42542B032197208100F35962 /* LoginPresenter.swift in Sources */ = {isa = PBXBuildFile; fileRef = 42542B022197208100F35962 /* LoginPresenter.swift */; };
/* End PBXBuildFile section */

/* Begin PBXFileReference section */
		42542ADA21970F3600F35962 /* mvp-architecture-patterns-ios.app */ = {isa = PBXFileReference; explicitFileType = wrapper.application; includeInIndex = 0; path = "mvp-architecture-patterns-ios.app"; sourceTree = BUILT_PRODUCTS_DIR; };
		42542ADD21970F3600F35962 /* AppDelegate.swift */ = {isa = PBXFileReference; lastKnownFileType = sourcecode.swift; path = AppDelegate.swift; sourceTree = "<group>"; };
		42542ADF21970F3600F35962 /* ViewController.swift */ = {isa = PBXFileReference; lastKnownFileType = sourcecode.swift; path = ViewController.swift; sourceTree = "<group>"; };
		42542AE221970F3600F35962 /* Base */ = {isa = PBXFileReference; lastKnownFileType = file.storyboard; name = Base; path = Base.lproj/Main.storyboard; sourceTree = "<group>"; };
		42542AE421970F3800F35962 /* Assets.xcassets */ = {isa = PBXFileReference; lastKnownFileType = folder.assetcatalog; path = Assets.xcassets; sourceTree = "<group>"; };
		42542AE721970F3800F35962 /* Base */ = {isa = PBXFileReference; lastKnownFileType = file.storyboard; name = Base; path = Base.lproj/LaunchScreen.storyboard; sourceTree = "<group>"; };
		42542AE921970F3800F35962 /* Info.plist */ = {isa = PBXFileReference; lastKnownFileType = text.plist.xml; path = Info.plist; sourceTree = "<group>"; };
		42542AF321970FD200F35962 /* Staff.swift */ = {isa = PBXFileReference; lastKnownFileType = sourcecode.swift; path = Staff.swift; sourceTree = "<group>"; };
		42542AF52197105A00F35962 /* StaffService.swift */ = {isa = PBXFileReference; lastKnownFileType = sourcecode.swift; path = StaffService.swift; sourceTree = "<group>"; };
		42542AF7219712F400F35962 /* StaffView.swift */ = {isa = PBXFileReference; lastKnownFileType = sourcecode.swift; path = StaffView.swift; sourceTree = "<group>"; };
		42542AF92197162D00F35962 /* StaffPresenter.swift */ = {isa = PBXFileReference; lastKnownFileType = sourcecode.swift; path = StaffPresenter.swift; sourceTree = "<group>"; };
		42542AFB21971EB600F35962 /* LoginViewController.swift */ = {isa = PBXFileReference; lastKnownFileType = sourcecode.swift; path = LoginViewController.swift; sourceTree = "<group>"; };
		42542AFD21971F6B00F35962 /* LoginView.swift */ = {isa = PBXFileReference; lastKnownFileType = sourcecode.swift; path = LoginView.swift; sourceTree = "<group>"; };
		42542B002197202000F35962 /* BasePresenter.swift */ = {isa = PBXFileReference; lastKnownFileType = sourcecode.swift; path = BasePresenter.swift; sourceTree = "<group>"; };
		42542B022197208100F35962 /* LoginPresenter.swift */ = {isa = PBXFileReference; lastKnownFileType = sourcecode.swift; path = LoginPresenter.swift; sourceTree = "<group>"; };
/* End PBXFileReference section */

/* Begin PBXFrameworksBuildPhase section */
		42542AD721970F3600F35962 /* Frameworks */ = {
			isa = PBXFrameworksBuildPhase;
			buildActionMask = 2147483647;
			files = (
			);
			runOnlyForDeploymentPostprocessing = 0;
		};
/* End PBXFrameworksBuildPhase section */

/* Begin PBXGroup section */
		42542AD121970F3500F35962 = {
			isa = PBXGroup;
			children = (
				42542ADC21970F3600F35962 /* mvp-architecture-patterns-ios */,
				42542ADB21970F3600F35962 /* Products */,
			);
			sourceTree = "<group>";
		};
		42542ADB21970F3600F35962 /* Products */ = {
			isa = PBXGroup;
			children = (
				42542ADA21970F3600F35962 /* mvp-architecture-patterns-ios.app */,
			);
			name = Products;
			sourceTree = "<group>";
		};
		42542ADC21970F3600F35962 /* mvp-architecture-patterns-ios */ = {
			isa = PBXGroup;
			children = (
				42542AFF21971FFC00F35962 /* Base */,
				42542AEF21970F5300F35962 /* service */,
				42542AF021970F6600F35962 /* presenter */,
				42542AF121970F7400F35962 /* model */,
				42542AF221970F7D00F35962 /* view */,
				42542ADD21970F3600F35962 /* AppDelegate.swift */,
				42542ADF21970F3600F35962 /* ViewController.swift */,
				42542AE121970F3600F35962 /* Main.storyboard */,
				42542AE421970F3800F35962 /* Assets.xcassets */,
				42542AE621970F3800F35962 /* LaunchScreen.storyboard */,
				42542AE921970F3800F35962 /* Info.plist */,
				42542AFB21971EB600F35962 /* LoginViewController.swift */,
			);
			path = "mvp-architecture-patterns-ios";
			sourceTree = "<group>";
		};
		42542AEF21970F5300F35962 /* service */ = {
			isa = PBXGroup;
			children = (
				42542AF52197105A00F35962 /* StaffService.swift */,
			);
			path = service;
			sourceTree = "<group>";
		};
		42542AF021970F6600F35962 /* presenter */ = {
			isa = PBXGroup;
			children = (
				42542AF92197162D00F35962 /* StaffPresenter.swift */,
				42542B022197208100F35962 /* LoginPresenter.swift */,
			);
			path = presenter;
			sourceTree = "<group>";
		};
		42542AF121970F7400F35962 /* model */ = {
			isa = PBXGroup;
			children = (
				42542AF321970FD200F35962 /* Staff.swift */,
			);
			path = model;
			sourceTree = "<group>";
		};
		42542AF221970F7D00F35962 /* view */ = {
			isa = PBXGroup;
			children = (
				42542AF7219712F400F35962 /* StaffView.swift */,
				42542AFD21971F6B00F35962 /* LoginView.swift */,
			);
			path = view;
			sourceTree = "<group>";
		};
		42542AFF21971FFC00F35962 /* Base */ = {
			isa = PBXGroup;
			children = (
				42542B002197202000F35962 /* BasePresenter.swift */,
			);
			path = Base;
			sourceTree = "<group>";
		};
/* End PBXGroup section */

/* Begin PBXNativeTarget section */
		42542AD921970F3600F35962 /* mvp-architecture-patterns-ios */ = {
			isa = PBXNativeTarget;
			buildConfigurationList = 42542AEC21970F3800F35962 /* Build configuration list for PBXNativeTarget "mvp-architecture-patterns-ios" */;
			buildPhases = (
				42542AD621970F3600F35962 /* Sources */,
				42542AD721970F3600F35962 /* Frameworks */,
				42542AD821970F3600F35962 /* Resources */,
			);
			buildRules = (
			);
			dependencies = (
			);
			name = "mvp-architecture-patterns-ios";
			productName = "mvp-architecture-patterns-ios";
			productReference = 42542ADA21970F3600F35962 /* mvp-architecture-patterns-ios.app */;
			productType = "com.apple.product-type.application";
		};
/* End PBXNativeTarget section */

/* Begin PBXProject section */
		42542AD221970F3500F35962 /* Project object */ = {
			isa = PBXProject;
			attributes = {
				LastSwiftUpdateCheck = 0940;
				LastUpgradeCheck = 0940;
				ORGANIZATIONNAME = "Juan Gerardo Cruz";
				TargetAttributes = {
					42542AD921970F3600F35962 = {
						CreatedOnToolsVersion = 9.4.1;
					};
				};
			};
			buildConfigurationList = 42542AD521970F3500F35962 /* Build configuration list for PBXProject "mvp-architecture-patterns-ios" */;
			compatibilityVersion = "Xcode 9.3";
			developmentRegion = en;
			hasScannedForEncodings = 0;
			knownRegions = (
				en,
				Base,
			);
			mainGroup = 42542AD121970F3500F35962;
			productRefGroup = 42542ADB21970F3600F35962 /* Products */;
			projectDirPath = "";
			projectRoot = "";
			targets = (
				42542AD921970F3600F35962 /* mvp-architecture-patterns-ios */,
			);
		};
/* End PBXProject section */

/* Begin PBXResourcesBuildPhase section */
		42542AD821970F3600F35962 /* Resources */ = {
			isa = PBXResourcesBuildPhase;
			buildActionMask = 2147483647;
			files = (
				42542AE821970F3800F35962 /* LaunchScreen.storyboard in Resources */,
				42542AE521970F3800F35962 /* Assets.xcassets in Resources */,
				42542AE321970F3600F35962 /* Main.storyboard in Resources */,
			);
			runOnlyForDeploymentPostprocessing = 0;
		};
/* End PBXResourcesBuildPhase section */

/* Begin PBXSourcesBuildPhase section */
		42542AD621970F3600F35962 /* Sources */ = {
			isa = PBXSourcesBuildPhase;
			buildActionMask = 2147483647;
			files = (
				42542B012197202000F35962 /* BasePresenter.swift in Sources */,
				42542AFC21971EB600F35962 /* LoginViewController.swift in Sources */,
				42542AF421970FD200F35962 /* Staff.swift in Sources */,
				42542AF8219712F500F35962 /* StaffView.swift in Sources */,
				42542B032197208100F35962 /* LoginPresenter.swift in Sources */,
				42542AE021970F3600F35962 /* ViewController.swift in Sources */,
				42542AF62197105A00F35962 /* StaffService.swift in Sources */,
				42542ADE21970F3600F35962 /* AppDelegate.swift in Sources */,
				42542AFE21971F6B00F35962 /* LoginView.swift in Sources */,
				42542AFA2197162D00F35962 /* StaffPresenter.swift in Sources */,
			);
			runOnlyForDeploymentPostprocessing = 0;
		};
/* End PBXSourcesBuildPhase section */

/* Begin PBXVariantGroup section */
		42542AE121970F3600F35962 /* Main.storyboard */ = {
			isa = PBXVariantGroup;
			children = (
				42542AE221970F3600F35962 /* Base */,
			);
			name = Main.storyboard;
			sourceTree = "<group>";
		};
		42542AE621970F3800F35962 /* LaunchScreen.storyboard */ = {
			isa = PBXVariantGroup;
			children = (
				42542AE721970F3800F35962 /* Base */,
			);
			name = LaunchScreen.storyboard;
			sourceTree = "<group>";
		};
/* End PBXVariantGroup section */

/* Begin XCBuildConfiguration section */
		42542AEA21970F3800F35962 /* Debug */ = {
			isa = XCBuildConfiguration;
			buildSettings = {
				ALWAYS_SEARCH_USER_PATHS = NO;
				CLANG_ANALYZER_NONNULL = YES;
				CLANG_ANALYZER_NUMBER_OBJECT_CONVERSION = YES_AGGRESSIVE;
				CLANG_CXX_LANGUAGE_STANDARD = "gnu++14";
				CLANG_CXX_LIBRARY = "libc++";
				CLANG_ENABLE_MODULES = YES;
				CLANG_ENABLE_OBJC_ARC = YES;
				CLANG_ENABLE_OBJC_WEAK = YES;
				CLANG_WARN_BLOCK_CAPTURE_AUTORELEASING = YES;
				CLANG_WARN_BOOL_CONVERSION = YES;
				CLANG_WARN_COMMA = YES;
				CLANG_WARN_CONSTANT_CONVERSION = YES;
				CLANG_WARN_DEPRECATED_OBJC_IMPLEMENTATIONS = YES;
				CLANG_WARN_DIRECT_OBJC_ISA_USAGE = YES_ERROR;
				CLANG_WARN_DOCUMENTATION_COMMENTS = YES;
				CLANG_WARN_EMPTY_BODY = YES;
				CLANG_WARN_ENUM_CONVERSION = YES;
				CLANG_WARN_INFINITE_RECURSION = YES;
				CLANG_WARN_INT_CONVERSION = YES;
				CLANG_WARN_NON_LITERAL_NULL_CONVERSION = YES;
				CLANG_WARN_OBJC_IMPLICIT_RETAIN_SELF = YES;
				CLANG_WARN_OBJC_LITERAL_CONVERSION = YES;
				CLANG_WARN_OBJC_ROOT_CLASS = YES_ERROR;
				CLANG_WARN_RANGE_LOOP_ANALYSIS = YES;
				CLANG_WARN_STRICT_PROTOTYPES = YES;
				CLANG_WARN_SUSPICIOUS_MOVE = YES;
				CLANG_WARN_UNGUARDED_AVAILABILITY = YES_AGGRESSIVE;
				CLANG_WARN_UNREACHABLE_CODE = YES;
				CLANG_WARN__DUPLICATE_METHOD_MATCH = YES;
				CODE_SIGN_IDENTITY = "iPhone Developer";
				COPY_PHASE_STRIP = NO;
				DEBUG_INFORMATION_FORMAT = dwarf;
				ENABLE_STRICT_OBJC_MSGSEND = YES;
				ENABLE_TESTABILITY = YES;
				GCC_C_LANGUAGE_STANDARD = gnu11;
				GCC_DYNAMIC_NO_PIC = NO;
				GCC_NO_COMMON_BLOCKS = YES;
				GCC_OPTIMIZATION_LEVEL = 0;
				GCC_PREPROCESSOR_DEFINITIONS = (
					"DEBUG=1",
					"$(inherited)",
				);
				GCC_WARN_64_TO_32_BIT_CONVERSION = YES;
				GCC_WARN_ABOUT_RETURN_TYPE = YES_ERROR;
				GCC_WARN_UNDECLARED_SELECTOR = YES;
				GCC_WARN_UNINITIALIZED_AUTOS = YES_AGGRESSIVE;
				GCC_WARN_UNUSED_FUNCTION = YES;
				GCC_WARN_UNUSED_VARIABLE = YES;
				IPHONEOS_DEPLOYMENT_TARGET = 11.4;
				MTL_ENABLE_DEBUG_INFO = YES;
				ONLY_ACTIVE_ARCH = YES;
				SDKROOT = iphoneos;
				SWIFT_ACTIVE_COMPILATION_CONDITIONS = DEBUG;
				SWIFT_OPTIMIZATION_LEVEL = "-Onone";
			};
			name = Debug;
		};
		42542AEB21970F3800F35962 /* Release */ = {
			isa = XCBuildConfiguration;
			buildSettings = {
				ALWAYS_SEARCH_USER_PATHS = NO;
				CLANG_ANALYZER_NONNULL = YES;
				CLANG_ANALYZER_NUMBER_OBJECT_CONVERSION = YES_AGGRESSIVE;
				CLANG_CXX_LANGUAGE_STANDARD = "gnu++14";
				CLANG_CXX_LIBRARY = "libc++";
				CLANG_ENABLE_MODULES = YES;
				CLANG_ENABLE_OBJC_ARC = YES;
				CLANG_ENABLE_OBJC_WEAK = YES;
				CLANG_WARN_BLOCK_CAPTURE_AUTORELEASING = YES;
				CLANG_WARN_BOOL_CONVERSION = YES;
				CLANG_WARN_COMMA = YES;
				CLANG_WARN_CONSTANT_CONVERSION = YES;
				CLANG_WARN_DEPRECATED_OBJC_IMPLEMENTATIONS = YES;
				CLANG_WARN_DIRECT_OBJC_ISA_USAGE = YES_ERROR;
				CLANG_WARN_DOCUMENTATION_COMMENTS = YES;
				CLANG_WARN_EMPTY_BODY = YES;
				CLANG_WARN_ENUM_CONVERSION = YES;
				CLANG_WARN_INFINITE_RECURSION = YES;
				CLANG_WARN_INT_CONVERSION = YES;
				CLANG_WARN_NON_LITERAL_NULL_CONVERSION = YES;
				CLANG_WARN_OBJC_IMPLICIT_RETAIN_SELF = YES;
				CLANG_WARN_OBJC_LITERAL_CONVERSION = YES;
				CLANG_WARN_OBJC_ROOT_CLASS = YES_ERROR;
				CLANG_WARN_RANGE_LOOP_ANALYSIS = YES;
				CLANG_WARN_STRICT_PROTOTYPES = YES;
				CLANG_WARN_SUSPICIOUS_MOVE = YES;
				CLANG_WARN_UNGUARDED_AVAILABILITY = YES_AGGRESSIVE;
				CLANG_WARN_UNREACHABLE_CODE = YES;
				CLANG_WARN__DUPLICATE_METHOD_MATCH = YES;
				CODE_SIGN_IDENTITY = "iPhone Developer";
				COPY_PHASE_STRIP = NO;
				DEBUG_INFORMATION_FORMAT = "dwarf-with-dsym";
				ENABLE_NS_ASSERTIONS = NO;
				ENABLE_STRICT_OBJC_MSGSEND = YES;
				GCC_C_LANGUAGE_STANDARD = gnu11;
				GCC_NO_COMMON_BLOCKS = YES;
				GCC_WARN_64_TO_32_BIT_CONVERSION = YES;
				GCC_WARN_ABOUT_RETURN_TYPE = YES_ERROR;
				GCC_WARN_UNDECLARED_SELECTOR = YES;
				GCC_WARN_UNINITIALIZED_AUTOS = YES_AGGRESSIVE;
				GCC_WARN_UNUSED_FUNCTION = YES;
				GCC_WARN_UNUSED_VARIABLE = YES;
				IPHONEOS_DEPLOYMENT_TARGET = 11.4;
				MTL_ENABLE_DEBUG_INFO = NO;
				SDKROOT = iphoneos;
				SWIFT_COMPILATION_MODE = wholemodule;
				SWIFT_OPTIMIZATION_LEVEL = "-O";
				VALIDATE_PRODUCT = YES;
			};
			name = Release;
		};
		42542AED21970F3800F35962 /* Debug */ = {
			isa = XCBuildConfiguration;
			buildSettings = {
				ASSETCATALOG_COMPILER_APPICON_NAME = AppIcon;
				CODE_SIGN_STYLE = Automatic;
				DEVELOPMENT_TEAM = 9C6BLPLVF5;
				INFOPLIST_FILE = "mvp-architecture-patterns-ios/Info.plist";
				LD_RUNPATH_SEARCH_PATHS = (
					"$(inherited)",
					"@executable_path/Frameworks",
				);
				PRODUCT_BUNDLE_IDENTIFIER = "com.inventaapps.mvp-architecture-patterns-ios";
				PRODUCT_NAME = "$(TARGET_NAME)";
				SWIFT_VERSION = 4.0;
				TARGETED_DEVICE_FAMILY = "1,2";
			};
			name = Debug;
		};
		42542AEE21970F3800F35962 /* Release */ = {
			isa = XCBuildConfiguration;
			buildSettings = {
				ASSETCATALOG_COMPILER_APPICON_NAME = AppIcon;
				CODE_SIGN_STYLE = Automatic;
				DEVELOPMENT_TEAM = 9C6BLPLVF5;
				INFOPLIST_FILE = "mvp-architecture-patterns-ios/Info.plist";
				LD_RUNPATH_SEARCH_PATHS = (
					"$(inherited)",
					"@executable_path/Frameworks",
				);
				PRODUCT_BUNDLE_IDENTIFIER = "com.inventaapps.mvp-architecture-patterns-ios";
				PRODUCT_NAME = "$(TARGET_NAME)";
				SWIFT_VERSION = 4.0;
				TARGETED_DEVICE_FAMILY = "1,2";
			};
			name = Release;
		};
/* End XCBuildConfiguration section */

/* Begin XCConfigurationList section */
		42542AD521970F3500F35962 /* Build configuration list for PBXProject "mvp-architecture-patterns-ios" */ = {
			isa = XCConfigurationList;
			buildConfigurations = (
				42542AEA21970F3800F35962 /* Debug */,
				42542AEB21970F3800F35962 /* Release */,
			);
			defaultConfigurationIsVisible = 0;
			defaultConfigurationName = Release;
		};
		42542AEC21970F3800F35962 /* Build configuration list for PBXNativeTarget "mvp-architecture-patterns-ios" */ = {
			isa = XCConfigurationList;
			buildConfigurations = (
				42542AED21970F3800F35962 /* Debug */,
				42542AEE21970F3800F35962 /* Release */,
			);
			defaultConfigurationIsVisible = 0;
			defaultConfigurationName = Release;
		};
/* End XCConfigurationList section */
	};
	rootObject = 42542AD221970F3500F35962 /* Project object */;
}
